// !$*UTF8*$!
{
	archiveVersion = 1;
	classes = {
	};
	objectVersion = 77;
	objects = {

/* Begin PBXContainerItemProxy section */
		80EAFAE82E0E413E008CDB45 /* PBXContainerItemProxy */ = {
			isa = PBXContainerItemProxy;
			containerPortal = 80EAFACD2E0E413D008CDB45 /* Project object */;
			proxyType = 1;
			remoteGlobalIDString = 80EAFAD42E0E413D008CDB45;
			remoteInfo = "Poltek Visit App";
		};
		80EAFAF22E0E413E008CDB45 /* PBXContainerItemProxy */ = {
			isa = PBXContainerItemProxy;
			containerPortal = 80EAFACD2E0E413D008CDB45 /* Project object */;
			proxyType = 1;
			remoteGlobalIDString = 80EAFAD42E0E413D008CDB45;
			remoteInfo = "Poltek Visit App";
		};
/* End PBXContainerItemProxy section */

/* Begin PBXFileReference section */
		80EAFAD52E0E413D008CDB45 /* Poltek Visit App.app */ = {isa = PBXFileReference; explicitFileType = wrapper.application; includeInIndex = 0; path = "Poltek Visit App.app"; sourceTree = BUILT_PRODUCTS_DIR; };
		80EAFAE72E0E413E008CDB45 /* Poltek Visit AppTests.xctest */ = {isa = PBXFileReference; explicitFileType = wrapper.cfbundle; includeInIndex = 0; path = "Poltek Visit AppTests.xctest"; sourceTree = BUILT_PRODUCTS_DIR; };
		80EAFAF12E0E413E008CDB45 /* Poltek Visit AppUITests.xctest */ = {isa = PBXFileReference; explicitFileType = wrapper.cfbundle; includeInIndex = 0; path = "Poltek Visit AppUITests.xctest"; sourceTree = BUILT_PRODUCTS_DIR; };
/* End PBXFileReference section */

/* Begin PBXFileSystemSynchronizedRootGroup section */
		80EAFAD72E0E413D008CDB45 /* Poltek Visit App */ = {
			isa = PBXFileSystemSynchronizedRootGroup;
			path = "Poltek Visit App";
			sourceTree = "<group>";
		};
		80EAFAEA2E0E413E008CDB45 /* Poltek Visit AppTests */ = {
			isa = PBXFileSystemSynchronizedRootGroup;
			path = "Poltek Visit AppTests";
			sourceTree = "<group>";
		};
		80EAFAF42E0E413E008CDB45 /* Poltek Visit AppUITests */ = {
			isa = PBXFileSystemSynchronizedRootGroup;
			path = "Poltek Visit AppUITests";
			sourceTree = "<group>";
		};
/* End PBXFileSystemSynchronizedRootGroup section */

/* Begin PBXFrameworksBuildPhase section */
		80EAFAD22E0E413D008CDB45 /* Frameworks */ = {
			isa = PBXFrameworksBuildPhase;
			buildActionMask = 2147483647;
			files = (
			);
			runOnlyForDeploymentPostprocessing = 0;
		};
		80EAFAE42E0E413E008CDB45 /* Frameworks */ = {
			isa = PBXFrameworksBuildPhase;
			buildActionMask = 2147483647;
			files = (
			);
			runOnlyForDeploymentPostprocessing = 0;
		};
		80EAFAEE2E0E413E008CDB45 /* Frameworks */ = {
			isa = PBXFrameworksBuildPhase;
			buildActionMask = 2147483647;
			files = (
			);
			runOnlyForDeploymentPostprocessing = 0;
		};
/* End PBXFrameworksBuildPhase section */

/* Begin PBXGroup section */
		80EAFACC2E0E413D008CDB45 = {
			isa = PBXGroup;
			children = (
				80EAFAD72E0E413D008CDB45 /* Poltek Visit App */,
				80EAFAEA2E0E413E008CDB45 /* Poltek Visit AppTests */,
				80EAFAF42E0E413E008CDB45 /* Poltek Visit AppUITests */,
				80EAFAD62E0E413D008CDB45 /* Products */,
			);
			sourceTree = "<group>";
		};
		80EAFAD62E0E413D008CDB45 /* Products */ = {
			isa = PBXGroup;
			children = (
				80EAFAD52E0E413D008CDB45 /* Poltek Visit App.app */,
				80EAFAE72E0E413E008CDB45 /* Poltek Visit AppTests.xctest */,
				80EAFAF12E0E413E008CDB45 /* Poltek Visit AppUITests.xctest */,
			);
			name = Products;
			sourceTree = "<group>";
		};
/* End PBXGroup section */

/* Begin PBXNativeTarget section */
		80EAFAD42E0E413D008CDB45 /* Poltek Visit App */ = {
			isa = PBXNativeTarget;
			buildConfigurationList = 80EAFAFB2E0E413E008CDB45 /* Build configuration list for PBXNativeTarget "Poltek Visit App" */;
			buildPhases = (
				80EAFAD12E0E413D008CDB45 /* Sources */,
				80EAFAD22E0E413D008CDB45 /* Frameworks */,
				80EAFAD32E0E413D008CDB45 /* Resources */,
			);
			buildRules = (
			);
			dependencies = (
			);
			fileSystemSynchronizedGroups = (
				80EAFAD72E0E413D008CDB45 /* Poltek Visit App */,
			);
			name = "Poltek Visit App";
			packageProductDependencies = (
			);
			productName = "Poltek Visit App";
			productReference = 80EAFAD52E0E413D008CDB45 /* Poltek Visit App.app */;
			productType = "com.apple.product-type.application";
		};
		80EAFAE62E0E413E008CDB45 /* Poltek Visit AppTests */ = {
			isa = PBXNativeTarget;
			buildConfigurationList = 80EAFAFE2E0E413E008CDB45 /* Build configuration list for PBXNativeTarget "Poltek Visit AppTests" */;
			buildPhases = (
				80EAFAE32E0E413E008CDB45 /* Sources */,
				80EAFAE42E0E413E008CDB45 /* Frameworks */,
				80EAFAE52E0E413E008CDB45 /* Resources */,
			);
			buildRules = (
			);
			dependencies = (
				80EAFAE92E0E413E008CDB45 /* PBXTargetDependency */,
			);
			fileSystemSynchronizedGroups = (
				80EAFAEA2E0E413E008CDB45 /* Poltek Visit AppTests */,
			);
			name = "Poltek Visit AppTests";
			packageProductDependencies = (
			);
			productName = "Poltek Visit AppTests";
			productReference = 80EAFAE72E0E413E008CDB45 /* Poltek Visit AppTests.xctest */;
			productType = "com.apple.product-type.bundle.unit-test";
		};
		80EAFAF02E0E413E008CDB45 /* Poltek Visit AppUITests */ = {
			isa = PBXNativeTarget;
			buildConfigurationList = 80EAFB012E0E413E008CDB45 /* Build configuration list for PBXNativeTarget "Poltek Visit AppUITests" */;
			buildPhases = (
				80EAFAED2E0E413E008CDB45 /* Sources */,
				80EAFAEE2E0E413E008CDB45 /* Frameworks */,
				80EAFAEF2E0E413E008CDB45 /* Resources */,
			);
			buildRules = (
			);
			dependencies = (
				80EAFAF32E0E413E008CDB45 /* PBXTargetDependency */,
			);
			fileSystemSynchronizedGroups = (
				80EAFAF42E0E413E008CDB45 /* Poltek Visit AppUITests */,
			);
			name = "Poltek Visit AppUITests";
			packageProductDependencies = (
			);
			productName = "Poltek Visit AppUITests";
			productReference = 80EAFAF12E0E413E008CDB45 /* Poltek Visit AppUITests.xctest */;
			productType = "com.apple.product-type.bundle.ui-testing";
		};
/* End PBXNativeTarget section */

/* Begin PBXProject section */
		80EAFACD2E0E413D008CDB45 /* Project object */ = {
			isa = PBXProject;
			attributes = {
				BuildIndependentTargetsInParallel = 1;
				LastSwiftUpdateCheck = 1620;
				LastUpgradeCheck = 1620;
				TargetAttributes = {
					80EAFAD42E0E413D008CDB45 = {
						CreatedOnToolsVersion = 16.2;
					};
					80EAFAE62E0E413E008CDB45 = {
						CreatedOnToolsVersion = 16.2;
						TestTargetID = 80EAFAD42E0E413D008CDB45;
					};
					80EAFAF02E0E413E008CDB45 = {
						CreatedOnToolsVersion = 16.2;
						TestTargetID = 80EAFAD42E0E413D008CDB45;
					};
				};
			};
			buildConfigurationList = 80EAFAD02E0E413D008CDB45 /* Build configuration list for PBXProject "Poltek Visit App" */;
			developmentRegion = en;
			hasScannedForEncodings = 0;
			knownRegions = (
				en,
				Base,
			);
			mainGroup = 80EAFACC2E0E413D008CDB45;
			minimizedProjectReferenceProxies = 1;
			preferredProjectObjectVersion = 77;
			productRefGroup = 80EAFAD62E0E413D008CDB45 /* Products */;
			projectDirPath = "";
			projectRoot = "";
			targets = (
				80EAFAD42E0E413D008CDB45 /* Poltek Visit App */,
				80EAFAE62E0E413E008CDB45 /* Poltek Visit AppTests */,
				80EAFAF02E0E413E008CDB45 /* Poltek Visit AppUITests */,
			);
		};
/* End PBXProject section */

/* Begin PBXResourcesBuildPhase section */
		80EAFAD32E0E413D008CDB45 /* Resources */ = {
			isa = PBXResourcesBuildPhase;
			buildActionMask = 2147483647;
			files = (
			);
			runOnlyForDeploymentPostprocessing = 0;
		};
		80EAFAE52E0E413E008CDB45 /* Resources */ = {
			isa = PBXResourcesBuildPhase;
			buildActionMask = 2147483647;
			files = (
			);
			runOnlyForDeploymentPostprocessing = 0;
		};
		80EAFAEF2E0E413E008CDB45 /* Resources */ = {
			isa = PBXResourcesBuildPhase;
			buildActionMask = 2147483647;
			files = (
			);
			runOnlyForDeploymentPostprocessing = 0;
		};
/* End PBXResourcesBuildPhase section */

/* Begin PBXSourcesBuildPhase section */
		80EAFAD12E0E413D008CDB45 /* Sources */ = {
			isa = PBXSourcesBuildPhase;
			buildActionMask = 2147483647;
			files = (
			);
			runOnlyForDeploymentPostprocessing = 0;
		};
		80EAFAE32E0E413E008CDB45 /* Sources */ = {
			isa = PBXSourcesBuildPhase;
			buildActionMask = 2147483647;
			files = (
			);
			runOnlyForDeploymentPostprocessing = 0;
		};
		80EAFAED2E0E413E008CDB45 /* Sources */ = {
			isa = PBXSourcesBuildPhase;
			buildActionMask = 2147483647;
			files = (
			);
			runOnlyForDeploymentPostprocessing = 0;
		};
/* End PBXSourcesBuildPhase section */

/* Begin PBXTargetDependency section */
		80EAFAE92E0E413E008CDB45 /* PBXTargetDependency */ = {
			isa = PBXTargetDependency;
			target = 80EAFAD42E0E413D008CDB45 /* Poltek Visit App */;
			targetProxy = 80EAFAE82E0E413E008CDB45 /* PBXContainerItemProxy */;
		};
		80EAFAF32E0E413E008CDB45 /* PBXTargetDependency */ = {
			isa = PBXTargetDependency;
			target = 80EAFAD42E0E413D008CDB45 /* Poltek Visit App */;
			targetProxy = 80EAFAF22E0E413E008CDB45 /* PBXContainerItemProxy */;
		};
/* End PBXTargetDependency section */

/* Begin XCBuildConfiguration section */
		80EAFAF92E0E413E008CDB45 /* Debug */ = {
			isa = XCBuildConfiguration;
			buildSettings = {
				ALWAYS_SEARCH_USER_PATHS = NO;
				ASSETCATALOG_COMPILER_GENERATE_SWIFT_ASSET_SYMBOL_EXTENSIONS = YES;
				CLANG_ANALYZER_NONNULL = YES;
				CLANG_ANALYZER_NUMBER_OBJECT_CONVERSION = YES_AGGRESSIVE;
				CLANG_CXX_LANGUAGE_STANDARD = "gnu++20";
				CLANG_ENABLE_MODULES = YES;
				CLANG_ENABLE_OBJC_ARC = YES;
				CLANG_ENABLE_OBJC_WEAK = YES;
				CLANG_WARN_BLOCK_CAPTURE_AUTORELEASING = YES;
				CLANG_WARN_BOOL_CONVERSION = YES;
				CLANG_WARN_COMMA = YES;
				CLANG_WARN_CONSTANT_CONVERSION = YES;
				CLANG_WARN_DEPRECATED_OBJC_IMPLEMENTATIONS = YES;
				CLANG_WARN_DIRECT_OBJC_ISA_USAGE = YES_ERROR;
				CLANG_WARN_DOCUMENTATION_COMMENTS = YES;
				CLANG_WARN_EMPTY_BODY = YES;
				CLANG_WARN_ENUM_CONVERSION = YES;
				CLANG_WARN_INFINITE_RECURSION = YES;
				CLANG_WARN_INT_CONVERSION = YES;
				CLANG_WARN_NON_LITERAL_NULL_CONVERSION = YES;
				CLANG_WARN_OBJC_IMPLICIT_RETAIN_SELF = YES;
				CLANG_WARN_OBJC_LITERAL_CONVERSION = YES;
				CLANG_WARN_OBJC_ROOT_CLASS = YES_ERROR;
				CLANG_WARN_QUOTED_INCLUDE_IN_FRAMEWORK_HEADER = YES;
				CLANG_WARN_RANGE_LOOP_ANALYSIS = YES;
				CLANG_WARN_STRICT_PROTOTYPES = YES;
				CLANG_WARN_SUSPICIOUS_MOVE = YES;
				CLANG_WARN_UNGUARDED_AVAILABILITY = YES_AGGRESSIVE;
				CLANG_WARN_UNREACHABLE_CODE = YES;
				CLANG_WARN__DUPLICATE_METHOD_MATCH = YES;
				COPY_PHASE_STRIP = NO;
				DEBUG_INFORMATION_FORMAT = dwarf;
				ENABLE_STRICT_OBJC_MSGSEND = YES;
				ENABLE_TESTABILITY = YES;
				ENABLE_USER_SCRIPT_SANDBOXING = YES;
				GCC_C_LANGUAGE_STANDARD = gnu17;
				GCC_DYNAMIC_NO_PIC = NO;
				GCC_NO_COMMON_BLOCKS = YES;
				GCC_OPTIMIZATION_LEVEL = 0;
				GCC_PREPROCESSOR_DEFINITIONS = (
					"DEBUG=1",
					"$(inherited)",
				);
				GCC_WARN_64_TO_32_BIT_CONVERSION = YES;
				GCC_WARN_ABOUT_RETURN_TYPE = YES_ERROR;
				GCC_WARN_UNDECLARED_SELECTOR = YES;
				GCC_WARN_UNINITIALIZED_AUTOS = YES_AGGRESSIVE;
				GCC_WARN_UNUSED_FUNCTION = YES;
				GCC_WARN_UNUSED_VARIABLE = YES;
				IPHONEOS_DEPLOYMENT_TARGET = 18.2;
				LOCALIZATION_PREFERS_STRING_CATALOGS = YES;
				MTL_ENABLE_DEBUG_INFO = INCLUDE_SOURCE;
				MTL_FAST_MATH = YES;
				ONLY_ACTIVE_ARCH = YES;
				SDKROOT = iphoneos;
				SWIFT_ACTIVE_COMPILATION_CONDITIONS = "DEBUG $(inherited)";
				SWIFT_OPTIMIZATION_LEVEL = "-Onone";
			};
			name = Debug;
		};
		80EAFAFA2E0E413E008CDB45 /* Release */ = {
			isa = XCBuildConfiguration;
			buildSettings = {
				ALWAYS_SEARCH_USER_PATHS = NO;
				ASSETCATALOG_COMPILER_GENERATE_SWIFT_ASSET_SYMBOL_EXTENSIONS = YES;
				CLANG_ANALYZER_NONNULL = YES;
				CLANG_ANALYZER_NUMBER_OBJECT_CONVERSION = YES_AGGRESSIVE;
				CLANG_CXX_LANGUAGE_STANDARD = "gnu++20";
				CLANG_ENABLE_MODULES = YES;
				CLANG_ENABLE_OBJC_ARC = YES;
				CLANG_ENABLE_OBJC_WEAK = YES;
				CLANG_WARN_BLOCK_CAPTURE_AUTORELEASING = YES;
				CLANG_WARN_BOOL_CONVERSION = YES;
				CLANG_WARN_COMMA = YES;
				CLANG_WARN_CONSTANT_CONVERSION = YES;
				CLANG_WARN_DEPRECATED_OBJC_IMPLEMENTATIONS = YES;
				CLANG_WARN_DIRECT_OBJC_ISA_USAGE = YES_ERROR;
				CLANG_WARN_DOCUMENTATION_COMMENTS = YES;
				CLANG_WARN_EMPTY_BODY = YES;
				CLANG_WARN_ENUM_CONVERSION = YES;
				CLANG_WARN_INFINITE_RECURSION = YES;
				CLANG_WARN_INT_CONVERSION = YES;
				CLANG_WARN_NON_LITERAL_NULL_CONVERSION = YES;
				CLANG_WARN_OBJC_IMPLICIT_RETAIN_SELF = YES;
				CLANG_WARN_OBJC_LITERAL_CONVERSION = YES;
				CLANG_WARN_OBJC_ROOT_CLASS = YES_ERROR;
				CLANG_WARN_QUOTED_INCLUDE_IN_FRAMEWORK_HEADER = YES;
				CLANG_WARN_RANGE_LOOP_ANALYSIS = YES;
				CLANG_WARN_STRICT_PROTOTYPES = YES;
				CLANG_WARN_SUSPICIOUS_MOVE = YES;
				CLANG_WARN_UNGUARDED_AVAILABILITY = YES_AGGRESSIVE;
				CLANG_WARN_UNREACHABLE_CODE = YES;
				CLANG_WARN__DUPLICATE_METHOD_MATCH = YES;
				COPY_PHASE_STRIP = NO;
				DEBUG_INFORMATION_FORMAT = "dwarf-with-dsym";
				ENABLE_NS_ASSERTIONS = NO;
				ENABLE_STRICT_OBJC_MSGSEND = YES;
				ENABLE_USER_SCRIPT_SANDBOXING = YES;
				GCC_C_LANGUAGE_STANDARD = gnu17;
				GCC_NO_COMMON_BLOCKS = YES;
				GCC_WARN_64_TO_32_BIT_CONVERSION = YES;
				GCC_WARN_ABOUT_RETURN_TYPE = YES_ERROR;
				GCC_WARN_UNDECLARED_SELECTOR = YES;
				GCC_WARN_UNINITIALIZED_AUTOS = YES_AGGRESSIVE;
				GCC_WARN_UNUSED_FUNCTION = YES;
				GCC_WARN_UNUSED_VARIABLE = YES;
				IPHONEOS_DEPLOYMENT_TARGET = 18.2;
				LOCALIZATION_PREFERS_STRING_CATALOGS = YES;
				MTL_ENABLE_DEBUG_INFO = NO;
				MTL_FAST_MATH = YES;
				SDKROOT = iphoneos;
				SWIFT_COMPILATION_MODE = wholemodule;
				VALIDATE_PRODUCT = YES;
			};
			name = Release;
		};
		80EAFAFC2E0E413E008CDB45 /* Debug */ = {
			isa = XCBuildConfiguration;
			buildSettings = {
				ASSETCATALOG_COMPILER_APPICON_NAME = AppIcon;
				ASSETCATALOG_COMPILER_GLOBAL_ACCENT_COLOR_NAME = AccentColor;
				CODE_SIGN_STYLE = Automatic;
				CURRENT_PROJECT_VERSION = 1;
				DEVELOPMENT_ASSET_PATHS = "\"Poltek Visit App/Preview Content\"";
				DEVELOPMENT_TEAM = Z8PS8WLYZ6;
				ENABLE_PREVIEWS = YES;
				GENERATE_INFOPLIST_FILE = YES;
				INFOPLIST_KEY_UIApplicationSceneManifest_Generation = YES;
				INFOPLIST_KEY_UIApplicationSupportsIndirectInputEvents = YES;
				INFOPLIST_KEY_UILaunchScreen_Generation = YES;
				INFOPLIST_KEY_UISupportedInterfaceOrientations_iPad = "UIInterfaceOrientationPortrait UIInterfaceOrientationPortraitUpsideDown UIInterfaceOrientationLandscapeLeft UIInterfaceOrientationLandscapeRight";
				INFOPLIST_KEY_UISupportedInterfaceOrientations_iPhone = "UIInterfaceOrientationPortrait UIInterfaceOrientationLandscapeLeft UIInterfaceOrientationLandscapeRight";
				IPHONEOS_DEPLOYMENT_TARGET = 18;
				LD_RUNPATH_SEARCH_PATHS = (
					"$(inherited)",
					"@executable_path/Frameworks",
				);
				MARKETING_VERSION = 1.0;
				PRODUCT_BUNDLE_IDENTIFIER = "com.kaushikmanian.Poltek-Visit-App";
				PRODUCT_NAME = "$(TARGET_NAME)";
				SWIFT_EMIT_LOC_STRINGS = YES;
				SWIFT_VERSION = 5.0;
				TARGETED_DEVICE_FAMILY = "1,2";
			};
			name = Debug;
		};
		80EAFAFD2E0E413E008CDB45 /* Release */ = {
			isa = XCBuildConfiguration;
			buildSettings = {
				ASSETCATALOG_COMPILER_APPICON_NAME = AppIcon;
				ASSETCATALOG_COMPILER_GLOBAL_ACCENT_COLOR_NAME = AccentColor;
				CODE_SIGN_STYLE = Automatic;
				CURRENT_PROJECT_VERSION = 1;
				DEVELOPMENT_ASSET_PATHS = "\"Poltek Visit App/Preview Content\"";
				DEVELOPMENT_TEAM = Z8PS8WLYZ6;
				ENABLE_PREVIEWS = YES;
				GENERATE_INFOPLIST_FILE = YES;
				INFOPLIST_KEY_UIApplicationSceneManifest_Generation = YES;
				INFOPLIST_KEY_UIApplicationSupportsIndirectInputEvents = YES;
				INFOPLIST_KEY_UILaunchScreen_Generation = YES;
				INFOPLIST_KEY_UISupportedInterfaceOrientations_iPad = "UIInterfaceOrientationPortrait UIInterfaceOrientationPortraitUpsideDown UIInterfaceOrientationLandscapeLeft UIInterfaceOrientationLandscapeRight";
				INFOPLIST_KEY_UISupportedInterfaceOrientations_iPhone = "UIInterfaceOrientationPortrait UIInterfaceOrientationLandscapeLeft UIInterfaceOrientationLandscapeRight";
				IPHONEOS_DEPLOYMENT_TARGET = 18;
				LD_RUNPATH_SEARCH_PATHS = (
					"$(inherited)",
					"@executable_path/Frameworks",
				);
				MARKETING_VERSION = 1.0;
				PRODUCT_BUNDLE_IDENTIFIER = "com.kaushikmanian.Poltek-Visit-App";
				PRODUCT_NAME = "$(TARGET_NAME)";
				SWIFT_EMIT_LOC_STRINGS = YES;
				SWIFT_VERSION = 5.0;
				TARGETED_DEVICE_FAMILY = "1,2";
			};
			name = Release;
		};
		80EAFAFF2E0E413E008CDB45 /* Debug */ = {
			isa = XCBuildConfiguration;
			buildSettings = {
				BUNDLE_LOADER = "$(TEST_HOST)";
				CODE_SIGN_STYLE = Automatic;
				CURRENT_PROJECT_VERSION = 1;
				DEVELOPMENT_TEAM = Z8PS8WLYZ6;
				GENERATE_INFOPLIST_FILE = YES;
				IPHONEOS_DEPLOYMENT_TARGET = 18.2;
				MARKETING_VERSION = 1.0;
				PRODUCT_BUNDLE_IDENTIFIER = "com.kaushikmanian.Poltek-Visit-AppTests";
				PRODUCT_NAME = "$(TARGET_NAME)";
				SWIFT_EMIT_LOC_STRINGS = NO;
				SWIFT_VERSION = 5.0;
				TARGETED_DEVICE_FAMILY = "1,2";
				TEST_HOST = "$(BUILT_PRODUCTS_DIR)/Poltek Visit App.app/$(BUNDLE_EXECUTABLE_FOLDER_PATH)/Poltek Visit App";
			};
			name = Debug;
		};
		80EAFB002E0E413E008CDB45 /* Release */ = {
			isa = XCBuildConfiguration;
			buildSettings = {
				BUNDLE_LOADER = "$(TEST_HOST)";
				CODE_SIGN_STYLE = Automatic;
				CURRENT_PROJECT_VERSION = 1;
				DEVELOPMENT_TEAM = Z8PS8WLYZ6;
				GENERATE_INFOPLIST_FILE = YES;
				IPHONEOS_DEPLOYMENT_TARGET = 18.2;
				MARKETING_VERSION = 1.0;
				PRODUCT_BUNDLE_IDENTIFIER = "com.kaushikmanian.Poltek-Visit-AppTests";
				PRODUCT_NAME = "$(TARGET_NAME)";
				SWIFT_EMIT_LOC_STRINGS = NO;
				SWIFT_VERSION = 5.0;
				TARGETED_DEVICE_FAMILY = "1,2";
				TEST_HOST = "$(BUILT_PRODUCTS_DIR)/Poltek Visit App.app/$(BUNDLE_EXECUTABLE_FOLDER_PATH)/Poltek Visit App";
			};
			name = Release;
		};
		80EAFB022E0E413E008CDB45 /* Debug */ = {
			isa = XCBuildConfiguration;
			buildSettings = {
				CODE_SIGN_STYLE = Automatic;
				CURRENT_PROJECT_VERSION = 1;
				DEVELOPMENT_TEAM = Z8PS8WLYZ6;
				GENERATE_INFOPLIST_FILE = YES;
				MARKETING_VERSION = 1.0;
				PRODUCT_BUNDLE_IDENTIFIER = "com.kaushikmanian.Poltek-Visit-AppUITests";
				PRODUCT_NAME = "$(TARGET_NAME)";
				SWIFT_EMIT_LOC_STRINGS = NO;
				SWIFT_VERSION = 5.0;
				TARGETED_DEVICE_FAMILY = "1,2";
				TEST_TARGET_NAME = "Poltek Visit App";
			};
			name = Debug;
		};
		80EAFB032E0E413E008CDB45 /* Release */ = {
			isa = XCBuildConfiguration;
			buildSettings = {
				CODE_SIGN_STYLE = Automatic;
				CURRENT_PROJECT_VERSION = 1;
				DEVELOPMENT_TEAM = Z8PS8WLYZ6;
				GENERATE_INFOPLIST_FILE = YES;
				MARKETING_VERSION = 1.0;
				PRODUCT_BUNDLE_IDENTIFIER = "com.kaushikmanian.Poltek-Visit-AppUITests";
				PRODUCT_NAME = "$(TARGET_NAME)";
				SWIFT_EMIT_LOC_STRINGS = NO;
				SWIFT_VERSION = 5.0;
				TARGETED_DEVICE_FAMILY = "1,2";
				TEST_TARGET_NAME = "Poltek Visit App";
			};
			name = Release;
		};
/* End XCBuildConfiguration section */

/* Begin XCConfigurationList section */
		80EAFAD02E0E413D008CDB45 /* Build configuration list for PBXProject "Poltek Visit App" */ = {
			isa = XCConfigurationList;
			buildConfigurations = (
				80EAFAF92E0E413E008CDB45 /* Debug */,
				80EAFAFA2E0E413E008CDB45 /* Release */,
			);
			defaultConfigurationIsVisible = 0;
			defaultConfigurationName = Release;
		};
		80EAFAFB2E0E413E008CDB45 /* Build configuration list for PBXNativeTarget "Poltek Visit App" */ = {
			isa = XCConfigurationList;
			buildConfigurations = (
				80EAFAFC2E0E413E008CDB45 /* Debug */,
				80EAFAFD2E0E413E008CDB45 /* Release */,
			);
			defaultConfigurationIsVisible = 0;
			defaultConfigurationName = Release;
		};
		80EAFAFE2E0E413E008CDB45 /* Build configuration list for PBXNativeTarget "Poltek Visit AppTests" */ = {
			isa = XCConfigurationList;
			buildConfigurations = (
				80EAFAFF2E0E413E008CDB45 /* Debug */,
				80EAFB002E0E413E008CDB45 /* Release */,
			);
			defaultConfigurationIsVisible = 0;
			defaultConfigurationName = Release;
		};
		80EAFB012E0E413E008CDB45 /* Build configuration list for PBXNativeTarget "Poltek Visit AppUITests" */ = {
			isa = XCConfigurationList;
			buildConfigurations = (
				80EAFB022E0E413E008CDB45 /* Debug */,
				80EAFB032E0E413E008CDB45 /* Release */,
			);
			defaultConfigurationIsVisible = 0;
			defaultConfigurationName = Release;
		};
/* End XCConfigurationList section */
	};
	rootObject = 80EAFACD2E0E413D008CDB45 /* Project object */;
}
